
Microsoft Visual Studio Solution File, Format Version 12.00
# Visual Studio 15
VisualStudioVersion = 15.0.28010.2050
MinimumVisualStudioVersion = 10.0.40219.1
Project("{FAE04EC0-301F-11D3-BF4B-00C04F79EFBC}") = "Yazlab2_1", "Yazlab2_1\Yazlab2_1.csproj", "{B23EFAC1-91CB-462F-8079-29E2CB5330EC}"
EndProject
Global
	GlobalSection(SolutionConfigurationPlatforms) = preSolution
		Debug|Any CPU = Debug|Any CPU
		Release|Any CPU = Release|Any CPU
	EndGlobalSection
	GlobalSection(ProjectConfigurationPlatforms) = postSolution
		{B23EFAC1-91CB-462F-8079-29E2CB5330EC}.Debug|Any CPU.ActiveCfg = Debug|Any CPU
		{B23EFAC1-91CB-462F-8079-29E2CB5330EC}.Debug|Any CPU.Build.0 = Debug|Any CPU
		{B23EFAC1-91CB-462F-8079-29E2CB5330EC}.Release|Any CPU.ActiveCfg = Release|Any CPU
		{B23EFAC1-91CB-462F-8079-29E2CB5330EC}.Release|Any CPU.Build.0 = Release|Any CPU
	EndGlobalSection
	GlobalSection(SolutionProperties) = preSolution
		HideSolutionNode = FALSE
	EndGlobalSection
	GlobalSection(ExtensibilityGlobals) = postSolution
		SolutionGuid = {289765D5-16D6-4BF3-B02B-6B1359432A45}
	EndGlobalSection
EndGlobal
